
Microsoft Visual Studio Solution File, Format Version 12.00
# Visual Studio 15
Project("{FAE04EC0-301F-11D3-BF4B-00C04F79EFBC}") = "Assembly-CSharp", "Assembly-CSharp.csproj", "{B09D81E0-DDF2-1DDC-5B6E-EA93B79A2A72}"
EndProject
Project("{FAE04EC0-301F-11D3-BF4B-00C04F79EFBC}") = "Assembly-CSharp-firstpass", "Assembly-CSharp-firstpass.csproj", "{69BE2774-AB8E-DEDD-D688-5823160E8453}"
EndProject
Global
	GlobalSection(SolutionConfigurationPlatforms) = preSolution
		Debug|Any CPU = Debug|Any CPU
		Release|Any CPU = Release|Any CPU
	EndGlobalSection
	GlobalSection(ProjectConfigurationPlatforms) = postSolution
		{B09D81E0-DDF2-1DDC-5B6E-EA93B79A2A72}.Debug|Any CPU.ActiveCfg = Debug|Any CPU
		{B09D81E0-DDF2-1DDC-5B6E-EA93B79A2A72}.Debug|Any CPU.Build.0 = Debug|Any CPU
		{B09D81E0-DDF2-1DDC-5B6E-EA93B79A2A72}.Release|Any CPU.ActiveCfg = Release|Any CPU
		{B09D81E0-DDF2-1DDC-5B6E-EA93B79A2A72}.Release|Any CPU.Build.0 = Release|Any CPU
		{69BE2774-AB8E-DEDD-D688-5823160E8453}.Debug|Any CPU.ActiveCfg = Debug|Any CPU
		{69BE2774-AB8E-DEDD-D688-5823160E8453}.Debug|Any CPU.Build.0 = Debug|Any CPU
		{69BE2774-AB8E-DEDD-D688-5823160E8453}.Release|Any CPU.ActiveCfg = Release|Any CPU
		{69BE2774-AB8E-DEDD-D688-5823160E8453}.Release|Any CPU.Build.0 = Release|Any CPU
	EndGlobalSection
	GlobalSection(SolutionProperties) = preSolution
		HideSolutionNode = FALSE
	EndGlobalSection
EndGlobal
